
Microsoft Visual Studio Solution File, Format Version 12.00
# Visual Studio Version 17
VisualStudioVersion = 17.9.34607.119
MinimumVisualStudioVersion = 10.0.40219.1
Project("{FAE04EC0-301F-11D3-BF4B-00C04F79EFBC}") = "tehtava10", "tehtava10.csproj", "{5D7273C1-FC6B-48AE-8013-2AB9414D794F}"
EndProject
Global
	GlobalSection(SolutionConfigurationPlatforms) = preSolution
		Debug|Any CPU = Debug|Any CPU
		Release|Any CPU = Release|Any CPU
	EndGlobalSection
	GlobalSection(ProjectConfigurationPlatforms) = postSolution
		{5D7273C1-FC6B-48AE-8013-2AB9414D794F}.Debug|Any CPU.ActiveCfg = Debug|Any CPU
		{5D7273C1-FC6B-48AE-8013-2AB9414D794F}.Debug|Any CPU.Build.0 = Debug|Any CPU
		{5D7273C1-FC6B-48AE-8013-2AB9414D794F}.Release|Any CPU.ActiveCfg = Release|Any CPU
		{5D7273C1-FC6B-48AE-8013-2AB9414D794F}.Release|Any CPU.Build.0 = Release|Any CPU
	EndGlobalSection
	GlobalSection(SolutionProperties) = preSolution
		HideSolutionNode = FALSE
	EndGlobalSection
	GlobalSection(ExtensibilityGlobals) = postSolution
		SolutionGuid = {C71CE562-711D-434D-B6CF-BCCD29472A7A}
	EndGlobalSection
EndGlobal
